
Microsoft Visual Studio Solution File, Format Version 12.00
# Visual Studio Version 17
VisualStudioVersion = 17.7.34221.43
MinimumVisualStudioVersion = 10.0.40219.1
Project("{9A19103F-16F7-4668-BE54-9A1E7A4F7556}") = "DoctorAPI", "DoctorAPI\DoctorAPI.csproj", "{AB1DB2A8-6CED-48F5-B1BD-0E92B67A1CD3}"
	ProjectSection(ProjectDependencies) = postProject
		{39DED45A-42EC-432D-96A3-DEF9D698344E} = {39DED45A-42EC-432D-96A3-DEF9D698344E}
		{021A028C-54DC-4C3D-8AC9-B14C4F70CC88} = {021A028C-54DC-4C3D-8AC9-B14C4F70CC88}
		{C97896FB-B3E8-4EE3-9081-4A2FAFB5ED2E} = {C97896FB-B3E8-4EE3-9081-4A2FAFB5ED2E}
	EndProjectSection
EndProject
Project("{9A19103F-16F7-4668-BE54-9A1E7A4F7556}") = "BLL", "BLL\BLL.csproj", "{021A028C-54DC-4C3D-8AC9-B14C4F70CC88}"
EndProject
Project("{9A19103F-16F7-4668-BE54-9A1E7A4F7556}") = "DAL", "DAL\DAL.csproj", "{39DED45A-42EC-432D-96A3-DEF9D698344E}"
EndProject
Project("{9A19103F-16F7-4668-BE54-9A1E7A4F7556}") = "Models", "Models\Models.csproj", "{C97896FB-B3E8-4EE3-9081-4A2FAFB5ED2E}"
EndProject
Global
	GlobalSection(SolutionConfigurationPlatforms) = preSolution
		Debug|Any CPU = Debug|Any CPU
		Release|Any CPU = Release|Any CPU
	EndGlobalSection
	GlobalSection(ProjectConfigurationPlatforms) = postSolution
		{AB1DB2A8-6CED-48F5-B1BD-0E92B67A1CD3}.Debug|Any CPU.ActiveCfg = Debug|Any CPU
		{AB1DB2A8-6CED-48F5-B1BD-0E92B67A1CD3}.Debug|Any CPU.Build.0 = Debug|Any CPU
		{AB1DB2A8-6CED-48F5-B1BD-0E92B67A1CD3}.Release|Any CPU.ActiveCfg = Release|Any CPU
		{AB1DB2A8-6CED-48F5-B1BD-0E92B67A1CD3}.Release|Any CPU.Build.0 = Release|Any CPU
		{021A028C-54DC-4C3D-8AC9-B14C4F70CC88}.Debug|Any CPU.ActiveCfg = Debug|Any CPU
		{021A028C-54DC-4C3D-8AC9-B14C4F70CC88}.Debug|Any CPU.Build.0 = Debug|Any CPU
		{021A028C-54DC-4C3D-8AC9-B14C4F70CC88}.Release|Any CPU.ActiveCfg = Release|Any CPU
		{021A028C-54DC-4C3D-8AC9-B14C4F70CC88}.Release|Any CPU.Build.0 = Release|Any CPU
		{39DED45A-42EC-432D-96A3-DEF9D698344E}.Debug|Any CPU.ActiveCfg = Debug|Any CPU
		{39DED45A-42EC-432D-96A3-DEF9D698344E}.Debug|Any CPU.Build.0 = Debug|Any CPU
		{39DED45A-42EC-432D-96A3-DEF9D698344E}.Release|Any CPU.ActiveCfg = Release|Any CPU
		{39DED45A-42EC-432D-96A3-DEF9D698344E}.Release|Any CPU.Build.0 = Release|Any CPU
		{C97896FB-B3E8-4EE3-9081-4A2FAFB5ED2E}.Debug|Any CPU.ActiveCfg = Debug|Any CPU
		{C97896FB-B3E8-4EE3-9081-4A2FAFB5ED2E}.Debug|Any CPU.Build.0 = Debug|Any CPU
		{C97896FB-B3E8-4EE3-9081-4A2FAFB5ED2E}.Release|Any CPU.ActiveCfg = Release|Any CPU
		{C97896FB-B3E8-4EE3-9081-4A2FAFB5ED2E}.Release|Any CPU.Build.0 = Release|Any CPU
	EndGlobalSection
	GlobalSection(SolutionProperties) = preSolution
		HideSolutionNode = FALSE
	EndGlobalSection
	GlobalSection(ExtensibilityGlobals) = postSolution
		SolutionGuid = {52BE379C-21D2-4F66-A12F-DAA6059A17C6}
	EndGlobalSection
EndGlobal
